speakeasyVersion: 1.790.2
sources:
    OpenAPI:
        sourceNamespace: open-api
        sourceRevisionDigest: sha256:d98e32a8987e74b385258eabce2c5a02ff10f3f2d2ff854198c4f7866690ae95
        sourceBlobDigest: sha256:0980c3d9e265ff9f86c8ec5ccd8b09838daa0ff2fb9c2a0ce47cc6202a2b61aa
        tags:
            - latest
            - 1.0.0
targets:
    '@quiverai/sdk':
        source: OpenAPI
        sourceNamespace: open-api
        sourceRevisionDigest: sha256:d98e32a8987e74b385258eabce2c5a02ff10f3f2d2ff854198c4f7866690ae95
        sourceBlobDigest: sha256:0980c3d9e265ff9f86c8ec5ccd8b09838daa0ff2fb9c2a0ce47cc6202a2b61aa
        codeSamplesNamespace: open-api-typescript-code-samples
        codeSamplesRevisionDigest: sha256:e8ad87960529d193d0beb3eabd9bb80586e6cae616829da712943ca12e231ef3
workflow:
    workflowVersion: 1.0.0
    speakeasyVersion: latest
    sources:
        OpenAPI:
            inputs:
                - location: https://api.quiver.ai/v1/openapi.json
            registry:
                location: registry.speakeasyapi.dev/quiverai/clients/open-api
    targets:
        '@quiverai/sdk':
            target: typescript
            source: OpenAPI
            output: .
            publish:
                npm:
                    token: $npm_token
            codeSamples:
                registry:
                    location: registry.speakeasyapi.dev/quiverai/clients/open-api-typescript-code-samples
                labelOverride:
                    fixedValue: Typescript (SDK)
                blocking: false
