speakeasyVersion: 1.769.2
sources:
    OpenAPI:
        sourceNamespace: open-api
        sourceRevisionDigest: sha256:457c7132d44e7a94e7a4bdf5ba6d03e4bca17a35668f90dc9e6fdf38f6cccabc
        sourceBlobDigest: sha256:76a86c1d8c05e6638047d6f37c204c3ce3ae2ecdf4f64fff8e94a1fe3f195a6e
        tags:
            - latest
            - 1.0.0
targets:
    '@quiverai/sdk':
        source: OpenAPI
        sourceNamespace: open-api
        sourceRevisionDigest: sha256:457c7132d44e7a94e7a4bdf5ba6d03e4bca17a35668f90dc9e6fdf38f6cccabc
        sourceBlobDigest: sha256:76a86c1d8c05e6638047d6f37c204c3ce3ae2ecdf4f64fff8e94a1fe3f195a6e
        codeSamplesNamespace: open-api-typescript-code-samples
        codeSamplesRevisionDigest: sha256:0fe70af20f3d24fd668df63d48161e42b77dfc9516afe0d027b31a9085fecb0e
workflow:
    workflowVersion: 1.0.0
    speakeasyVersion: latest
    sources:
        OpenAPI:
            inputs:
                - location: https://api.quiver.ai/v1/openapi.json
            registry:
                location: registry.speakeasyapi.dev/quiverai/clients/open-api
    targets:
        '@quiverai/sdk':
            target: typescript
            source: OpenAPI
            output: .
            publish:
                npm:
                    token: $npm_token
            codeSamples:
                registry:
                    location: registry.speakeasyapi.dev/quiverai/clients/open-api-typescript-code-samples
                labelOverride:
                    fixedValue: Typescript (SDK)
                blocking: false
