speakeasyVersion: 1.761.6
sources:
    OpenAPI:
        sourceNamespace: open-api
        sourceRevisionDigest: sha256:e862ac20e95360fc0a62ce8a8a52f65f80c361641ddcdbf96b85570c814183c2
        sourceBlobDigest: sha256:b0825d0ab2c338319a48e378559c4e76c5ae6c2b953e3797bcd7fe73ec6022d9
        tags:
            - latest
            - 1.0.0
targets:
    '@quiverai/sdk':
        source: OpenAPI
        sourceNamespace: open-api
        sourceRevisionDigest: sha256:e862ac20e95360fc0a62ce8a8a52f65f80c361641ddcdbf96b85570c814183c2
        sourceBlobDigest: sha256:b0825d0ab2c338319a48e378559c4e76c5ae6c2b953e3797bcd7fe73ec6022d9
        codeSamplesNamespace: open-api-typescript-code-samples
        codeSamplesRevisionDigest: sha256:060b7bc4676c9319eb8efb08a15e7207dad39b1d9aa94e3ab35ee28639c849f6
workflow:
    workflowVersion: 1.0.0
    speakeasyVersion: latest
    sources:
        OpenAPI:
            inputs:
                - location: https://api.quiver.ai/v1/openapi.json
            registry:
                location: registry.speakeasyapi.dev/quiverai/clients/open-api
    targets:
        '@quiverai/sdk':
            target: typescript
            source: OpenAPI
            output: .
            publish:
                npm:
                    token: $npm_token
            codeSamples:
                registry:
                    location: registry.speakeasyapi.dev/quiverai/clients/open-api-typescript-code-samples
                labelOverride:
                    fixedValue: Typescript (SDK)
                blocking: false
